
Microsoft Visual Studio Solution File, Format Version 12.00
Project("{FAE04EC0-301F-11D3-BF4B-00C04F79EFBC}") = "PlayAudioUsingMediaStreams.WebApi", "PlayAudioUsingMediaStreams.WebApi.csproj", "{A9BD5D99-8CBB-4839-8813-7CE1D386CDEB}"
EndProject
Global
	GlobalSection(SolutionConfigurationPlatforms) = preSolution
		Debug|Any CPU = Debug|Any CPU
		Release|Any CPU = Release|Any CPU
	EndGlobalSection
	GlobalSection(ProjectConfigurationPlatforms) = postSolution
		{A9BD5D99-8CBB-4839-8813-7CE1D386CDEB}.Debug|Any CPU.ActiveCfg = Debug|Any CPU
		{A9BD5D99-8CBB-4839-8813-7CE1D386CDEB}.Debug|Any CPU.Build.0 = Debug|Any CPU
		{A9BD5D99-8CBB-4839-8813-7CE1D386CDEB}.Release|Any CPU.ActiveCfg = Release|Any CPU
		{A9BD5D99-8CBB-4839-8813-7CE1D386CDEB}.Release|Any CPU.Build.0 = Release|Any CPU
	EndGlobalSection
EndGlobal
